{
  "nodes": {
    "nixpkgs": {
      "locked": {
        "lastModified": 1742380354,
        "narHash": "sha256-X7YcikZuuS4uakxOQQqa3ejNHMKbwJqIGN5pUS70h5k=",
        "owner": "nixos",
        "repo": "nixpkgs",
        "rev": "2271c42fb8f5746538c1c2d05c39b74675b7a989",
        "type": "github"
      },
      "original": {
        "owner": "nixos",
        "repo": "nixpkgs",
        "type": "github"
      }
    },
    "root": {
      "inputs": {
        "nixpkgs": "nixpkgs",
        "tigerbeetleSrc": "tigerbeetleSrc"
      }
    },
    "tigerbeetleSrc": {
      "flake": false,
      "locked": {
        "lastModified": 1741023221,
        "narHash": "sha256-fMw0df4K56Vz7QExfhlClsjuiwe3nQWuROT/k35DYX4=",
        "owner": "tigerbeetle",
        "repo": "tigerbeetle",
        "rev": "62f8b78b9f281264742ae9efbcf2b3c9c4c3563a",
        "type": "github"
      },
      "original": {
        "owner": "tigerbeetle",
        "ref": "0.16.30",
        "repo": "tigerbeetle",
        "type": "github"
      }
    }
  },
  "root": "root",
  "version": 7
}
