{
  "nodes": {
    "nixpkgs": {
      "locked": {
        "lastModified": 1740400550,
        "narHash": "sha256-CYmNXP+oPMjgNugIR+QXX1sxikiBs/vtDJVh832rITs=",
        "owner": "nixos",
        "repo": "nixpkgs",
        "rev": "b8af00342ca96dcd21f6554b689f05e90ed6b894",
        "type": "github"
      },
      "original": {
        "owner": "nixos",
        "repo": "nixpkgs",
        "type": "github"
      }
    },
    "root": {
      "inputs": {
        "nixpkgs": "nixpkgs",
        "tigerbeetleSrc": "tigerbeetleSrc"
      }
    },
    "tigerbeetleSrc": {
      "flake": false,
      "locked": {
        "lastModified": 1740182148,
        "narHash": "sha256-792/eR9JvrwZEOdWDsZz5oUub9XXQ1oWV1IEyilui24=",
        "owner": "tigerbeetle",
        "repo": "tigerbeetle",
        "rev": "9721f287401a899aa1e46bae78f437c48b521c73",
        "type": "github"
      },
      "original": {
        "owner": "tigerbeetle",
        "repo": "tigerbeetle",
        "type": "github"
      }
    }
  },
  "root": "root",
  "version": 7
}
